
Microsoft Visual Studio Solution File, Format Version 12.00
# Visual Studio Version 17
VisualStudioVersion = 17.3.32901.215
MinimumVisualStudioVersion = 10.0.40219.1
Project("{9A19103F-16F7-4668-BE54-9A1E7A4F7556}") = "Oefening1", "Oefening1\Oefening1.csproj", "{A1552169-BB77-4178-B259-B5BE2D02DEBB}"
EndProject
Project("{FAE04EC0-301F-11D3-BF4B-00C04F79EFBC}") = "Oefening2", "Oefening2\Oefening2.csproj", "{700370F2-36C5-4D83-9F02-72160EF72D10}"
EndProject
Global
	GlobalSection(SolutionConfigurationPlatforms) = preSolution
		Debug|Any CPU = Debug|Any CPU
		Release|Any CPU = Release|Any CPU
	EndGlobalSection
	GlobalSection(ProjectConfigurationPlatforms) = postSolution
		{A1552169-BB77-4178-B259-B5BE2D02DEBB}.Debug|Any CPU.ActiveCfg = Debug|Any CPU
		{A1552169-BB77-4178-B259-B5BE2D02DEBB}.Debug|Any CPU.Build.0 = Debug|Any CPU
		{A1552169-BB77-4178-B259-B5BE2D02DEBB}.Release|Any CPU.ActiveCfg = Release|Any CPU
		{A1552169-BB77-4178-B259-B5BE2D02DEBB}.Release|Any CPU.Build.0 = Release|Any CPU
		{700370F2-36C5-4D83-9F02-72160EF72D10}.Debug|Any CPU.ActiveCfg = Debug|Any CPU
		{700370F2-36C5-4D83-9F02-72160EF72D10}.Debug|Any CPU.Build.0 = Debug|Any CPU
		{700370F2-36C5-4D83-9F02-72160EF72D10}.Release|Any CPU.ActiveCfg = Release|Any CPU
		{700370F2-36C5-4D83-9F02-72160EF72D10}.Release|Any CPU.Build.0 = Release|Any CPU
	EndGlobalSection
	GlobalSection(SolutionProperties) = preSolution
		HideSolutionNode = FALSE
	EndGlobalSection
	GlobalSection(ExtensibilityGlobals) = postSolution
		SolutionGuid = {A919BBC8-F8E4-49B4-B535-4934EFD7F4AD}
	EndGlobalSection
EndGlobal
